
Microsoft Visual Studio Solution File, Format Version 12.00
# Visual Studio Version 17
VisualStudioVersion = 17.14.36221.1 d17.14
MinimumVisualStudioVersion = 10.0.40219.1
Project("{FAE04EC0-301F-11D3-BF4B-00C04F79EFBC}") = "WindowsFormsApp1", "WindowsFormsApp1.csproj", "{FAB1EFDF-B07B-49E9-AF54-C4C4916FC951}"
EndProject
Global
	GlobalSection(SolutionConfigurationPlatforms) = preSolution
		Debug|Any CPU = Debug|Any CPU
		Release|Any CPU = Release|Any CPU
	EndGlobalSection
	GlobalSection(ProjectConfigurationPlatforms) = postSolution
		{FAB1EFDF-B07B-49E9-AF54-C4C4916FC951}.Debug|Any CPU.ActiveCfg = Debug|Any CPU
		{FAB1EFDF-B07B-49E9-AF54-C4C4916FC951}.Debug|Any CPU.Build.0 = Debug|Any CPU
		{FAB1EFDF-B07B-49E9-AF54-C4C4916FC951}.Release|Any CPU.ActiveCfg = Release|Any CPU
		{FAB1EFDF-B07B-49E9-AF54-C4C4916FC951}.Release|Any CPU.Build.0 = Release|Any CPU
	EndGlobalSection
	GlobalSection(SolutionProperties) = preSolution
		HideSolutionNode = FALSE
	EndGlobalSection
	GlobalSection(ExtensibilityGlobals) = postSolution
		SolutionGuid = {ED9FE13C-BF3C-4305-B3DF-9B13FA74738B}
	EndGlobalSection
EndGlobal
